PODS:
  - ActionSheetPicker-3.0 (1.3.6)
  - CocoaLumberjack (2.0.0-beta3):
    - CocoaLumberjack/Default
    - CocoaLumberjack/Extensions
  - CocoaLumberjack/Core (2.0.0-beta3)
  - CocoaLumberjack/Default (2.0.0-beta3):
    - CocoaLumberjack/Core
  - CocoaLumberjack/Extensions (2.0.0-beta3):
    - CocoaLumberjack/Default
  - CoreBitcoin (0.5.3):
    - OpenSSL-Universal (= 1.0.1.h)
  - MagicalRecord (2.2):
    - MagicalRecord/Core
  - MagicalRecord/Core (2.2)
  - MBProgressHUD (0.9)
  - MMDrawerController (0.5.7):
    - MMDrawerController/Core
    - MMDrawerController/MMDrawerBarButtonItem
    - MMDrawerController/MMDrawerVisualStates
    - MMDrawerController/Subclass
  - MMDrawerController/Core (0.5.7)
  - MMDrawerController/MMDrawerBarButtonItem (0.5.7):
    - MMDrawerController/Core
  - MMDrawerController/MMDrawerVisualStates (0.5.7):
    - MMDrawerController/Core
  - MMDrawerController/Subclass (0.5.7):
    - MMDrawerController/Core
  - OpenSSL-Universal (1.0.1.h)
  - SocketRocket (0.3.1-beta2)
  - SSKeychain (1.2.2)

DEPENDENCIES:
  - ActionSheetPicker-3.0 (~> 1.3.1)
  - CocoaLumberjack (= 2.0.0-beta3)
  - CoreBitcoin (~> 0.5)
  - MagicalRecord (~> 2.2)
  - MBProgressHUD (~> 0.8)
  - MMDrawerController (~> 0.5)
  - SocketRocket
  - SSKeychain (~> 1.2)

SPEC CHECKSUMS:
  ActionSheetPicker-3.0: e6ff24db9d2966b9d9eb4279bc983f0262da2e6e
  CocoaLumberjack: 55c22a2b8bde7a29c568ab4015b5874216524d70
  CoreBitcoin: 959814821b345dffef2749a618dde36eb424d7f6
  MagicalRecord: 2b471584fc9e3137f3d0a56967917baa4979e224
  MBProgressHUD: 2038dbcf3dce73215abed6001657043d53aa79a8
  MMDrawerController: c3ab7a318ddc7e2bcd133139c3161af08c6e1197
  OpenSSL-Universal: 9c112508615ed33bb35f730eed820e93175a9dec
  SocketRocket: 79a68ae186063c65e1fe6f638b1ae2927aa5f304
  SSKeychain: cc48bd3ad24fcd9125adb9e0d23dd50b8bbd08b9

COCOAPODS: 0.34.4
