// !$*UTF8*$!
{
	archiveVersion = 1;
	classes = {
	};
	objectVersion = 46;
	objects = {

/* Begin PBXBuildFile section */
		DB30FC0C0492FD3BCF38E04C /* libPods.a in Frameworks */ = {isa = PBXBuildFile; fileRef = E653431E28EC983287D12D53 /* libPods.a */; };
		FA0614821A1355C1004F71F4 /* BCMSwitchTableViewCell.m in Sources */ = {isa = PBXBuildFile; fileRef = FA0614811A1355C1004F71F4 /* BCMSwitchTableViewCell.m */; };
		FA0614841A135E09004F71F4 /* check@2x.png in Resources */ = {isa = PBXBuildFile; fileRef = FA0614831A135E09004F71F4 /* check@2x.png */; };
		FA0614C11A13BF35004F71F4 /* UIImage+Utils.m in Sources */ = {isa = PBXBuildFile; fileRef = FA0614C01A13BF35004F71F4 /* UIImage+Utils.m */; };
		FA0614C61A163EEA004F71F4 /* qr_code@2x.png in Resources */ = {isa = PBXBuildFile; fileRef = FA0614C51A163EEA004F71F4 /* qr_code@2x.png */; };
		FA0614C91A1B84C9004F71F4 /* BCMQRCodeScannerViewController.m in Sources */ = {isa = PBXBuildFile; fileRef = FA0614C81A1B84C9004F71F4 /* BCMQRCodeScannerViewController.m */; };
		FA0614CD1A1BADFA004F71F4 /* BCPinEntryView.m in Sources */ = {isa = PBXBuildFile; fileRef = FA0614CC1A1BADFA004F71F4 /* BCPinEntryView.m */; };
		FA0614D21A1C85B8004F71F4 /* BCPinEntryViewController.m in Sources */ = {isa = PBXBuildFile; fileRef = FA0614D11A1C85B8004F71F4 /* BCPinEntryViewController.m */; };
		FA0614D51A1CD1D4004F71F4 /* BCPinNumberKey.m in Sources */ = {isa = PBXBuildFile; fileRef = FA0614D41A1CD1D4004F71F4 /* BCPinNumberKey.m */; };
		FA0614D71A1CD1E5004F71F4 /* BCPinNumberKey.xib in Resources */ = {isa = PBXBuildFile; fileRef = FA0614D61A1CD1E5004F71F4 /* BCPinNumberKey.xib */; };
		FA0614DE1A1CDF1B004F71F4 /* PEPin-off.png in Resources */ = {isa = PBXBuildFile; fileRef = FA0614DC1A1CDF1B004F71F4 /* PEPin-off.png */; };
		FA0614DF1A1CDF1B004F71F4 /* PEPin-on.png in Resources */ = {isa = PBXBuildFile; fileRef = FA0614DD1A1CDF1B004F71F4 /* PEPin-on.png */; };
		FA0614E11A1CE287004F71F4 /* pin_delete@2x.png in Resources */ = {isa = PBXBuildFile; fileRef = FA0614E01A1CE287004F71F4 /* pin_delete@2x.png */; };
		FA0614E41A1E307D004F71F4 /* Crashlytics.framework in Frameworks */ = {isa = PBXBuildFile; fileRef = FA0614E31A1E307D004F71F4 /* Crashlytics.framework */; };
		FA10E2A91A1E4147005DEB6B /* Foundation-Utility.m in Sources */ = {isa = PBXBuildFile; fileRef = FA10E2A81A1E4147005DEB6B /* Foundation-Utility.m */; };
		FA74B69C1A08C3B70045A4EF /* BCMPaymentReceivedView.m in Sources */ = {isa = PBXBuildFile; fileRef = FA74B69B1A08C3B70045A4EF /* BCMPaymentReceivedView.m */; };
		FA74B69E1A08C3D20045A4EF /* BCMPaymentReceivedView.xib in Resources */ = {isa = PBXBuildFile; fileRef = FA74B69D1A08C3D20045A4EF /* BCMPaymentReceivedView.xib */; };
		FA74B6A01A08C6CC0045A4EF /* green_check@2x.png in Resources */ = {isa = PBXBuildFile; fileRef = FA74B69F1A08C6CC0045A4EF /* green_check@2x.png */; };
		FA74B6A31A0923490045A4EF /* BCMTransactionDetailViewController.m in Sources */ = {isa = PBXBuildFile; fileRef = FA74B6A21A0923490045A4EF /* BCMTransactionDetailViewController.m */; };
		FA7D9F801A0BACB500B7B5CE /* close_button@2x.png in Resources */ = {isa = PBXBuildFile; fileRef = FA7D9F7F1A0BACB500B7B5CE /* close_button@2x.png */; };
		FA99820C19FA4F20006C7D2F /* BCMTransactionsViewController.m in Sources */ = {isa = PBXBuildFile; fileRef = FA99820B19FA4F20006C7D2F /* BCMTransactionsViewController.m */; };
		FA99820F19FA4F49006C7D2F /* BCMSettingsViewController.m in Sources */ = {isa = PBXBuildFile; fileRef = FA99820E19FA4F49006C7D2F /* BCMSettingsViewController.m */; };
		FA99821219FA4F69006C7D2F /* BCMPriceNewsViewController.m in Sources */ = {isa = PBXBuildFile; fileRef = FA99821119FA4F69006C7D2F /* BCMPriceNewsViewController.m */; };
		FA99821519FAA087006C7D2F /* BCMDrawerViewController.m in Sources */ = {isa = PBXBuildFile; fileRef = FA99821419FAA087006C7D2F /* BCMDrawerViewController.m */; };
		FA99821919FE0F16006C7D2F /* Merchant.xcdatamodeld in Sources */ = {isa = PBXBuildFile; fileRef = FA99821719FE0F15006C7D2F /* Merchant.xcdatamodeld */; };
		FA99821F19FE8923006C7D2F /* BCMAddItem.xib in Resources */ = {isa = PBXBuildFile; fileRef = FA99821E19FE8923006C7D2F /* BCMAddItem.xib */; };
		FA99822219FE8C67006C7D2F /* BCMTextField.m in Sources */ = {isa = PBXBuildFile; fileRef = FA99822119FE8C67006C7D2F /* BCMTextField.m */; };
		FA99822519FE8D26006C7D2F /* BCMItemSetupViewController.m in Sources */ = {isa = PBXBuildFile; fileRef = FA99822419FE8D26006C7D2F /* BCMItemSetupViewController.m */; };
		FA99822819FE8D93006C7D2F /* BCMAddItem.m in Sources */ = {isa = PBXBuildFile; fileRef = FA99822719FE8D93006C7D2F /* BCMAddItem.m */; };
		FA99822B19FE8ECB006C7D2F /* UIView+Utilities.m in Sources */ = {isa = PBXBuildFile; fileRef = FA99822A19FE8ECB006C7D2F /* UIView+Utilities.m */; };
		FA99823419FF7843006C7D2F /* BCMCustomAmountView.m in Sources */ = {isa = PBXBuildFile; fileRef = FA99823319FF7843006C7D2F /* BCMCustomAmountView.m */; };
		FA99823619FF784F006C7D2F /* BCMCustomAmountView.xib in Resources */ = {isa = PBXBuildFile; fileRef = FA99823519FF784F006C7D2F /* BCMCustomAmountView.xib */; };
		FA9982391A0209F0006C7D2F /* BCMSearchView.m in Sources */ = {isa = PBXBuildFile; fileRef = FA9982381A0209F0006C7D2F /* BCMSearchView.m */; };
		FA99823B1A020A01006C7D2F /* BCMSearchView.xib in Resources */ = {isa = PBXBuildFile; fileRef = FA99823A1A020A01006C7D2F /* BCMSearchView.xib */; };
		FA99823D1A029AED006C7D2F /* Default-568h@2x.png in Resources */ = {isa = PBXBuildFile; fileRef = FA99823C1A029AED006C7D2F /* Default-568h@2x.png */; };
		FA9982411A03B960006C7D2F /* search_icon@2x.png in Resources */ = {isa = PBXBuildFile; fileRef = FA9982401A03B960006C7D2F /* search_icon@2x.png */; };
		FA9982441A03C330006C7D2F /* UIViewController+Utilities.m in Sources */ = {isa = PBXBuildFile; fileRef = FA9982431A03C330006C7D2F /* UIViewController+Utilities.m */; };
		FA99825F1A03E849006C7D2F /* BCMQRCodeTransactionView.m in Sources */ = {isa = PBXBuildFile; fileRef = FA99825E1A03E849006C7D2F /* BCMQRCodeTransactionView.m */; };
		FA9982611A03E855006C7D2F /* BCMQRCodeTransactionView.xib in Resources */ = {isa = PBXBuildFile; fileRef = FA9982601A03E855006C7D2F /* BCMQRCodeTransactionView.xib */; };
		FA9982631A03E8FE006C7D2F /* mock_qr_code@2x.png in Resources */ = {isa = PBXBuildFile; fileRef = FA9982621A03E8FE006C7D2F /* mock_qr_code@2x.png */; };
		FA9FF3C31A07F2A300D732EC /* BCMTextFieldTableViewCell.m in Sources */ = {isa = PBXBuildFile; fileRef = FA9FF3C21A07F2A300D732EC /* BCMTextFieldTableViewCell.m */; };
		FA9FF3C61A07F5C600D732EC /* BCMNetworking.m in Sources */ = {isa = PBXBuildFile; fileRef = FA9FF3C51A07F5C600D732EC /* BCMNetworking.m */; };
		FAA418A319F789A000023B25 /* main.m in Sources */ = {isa = PBXBuildFile; fileRef = FAA418A219F789A000023B25 /* main.m */; };
		FAA418A619F789A000023B25 /* AppDelegate.m in Sources */ = {isa = PBXBuildFile; fileRef = FAA418A519F789A000023B25 /* AppDelegate.m */; };
		FAA418AC19F789A000023B25 /* Main.storyboard in Resources */ = {isa = PBXBuildFile; fileRef = FAA418AA19F789A000023B25 /* Main.storyboard */; };
		FAA418AE19F789A000023B25 /* Images.xcassets in Resources */ = {isa = PBXBuildFile; fileRef = FAA418AD19F789A000023B25 /* Images.xcassets */; };
		FAA418B119F789A000023B25 /* LaunchScreen.xib in Resources */ = {isa = PBXBuildFile; fileRef = FAA418AF19F789A000023B25 /* LaunchScreen.xib */; };
		FAA418BD19F789A000023B25 /* MerchantTests.m in Sources */ = {isa = PBXBuildFile; fileRef = FAA418BC19F789A000023B25 /* MerchantTests.m */; };
		FAB116E01A0D30E000E876BA /* BCMWebViewController.m in Sources */ = {isa = PBXBuildFile; fileRef = FAB116DF1A0D30E000E876BA /* BCMWebViewController.m */; };
		FAB116E21A108EF100E876BA /* Setup.storyboard in Resources */ = {isa = PBXBuildFile; fileRef = FAB116E11A108EF100E876BA /* Setup.storyboard */; };
		FAB116E61A108F4E00E876BA /* BCMSetupViewController.m in Sources */ = {isa = PBXBuildFile; fileRef = FAB116E51A108F4E00E876BA /* BCMSetupViewController.m */; };
		FAB116E91A1091F700E876BA /* BCMSignUpView.m in Sources */ = {isa = PBXBuildFile; fileRef = FAB116E81A1091F700E876BA /* BCMSignUpView.m */; };
		FAB116EB1A1092EC00E876BA /* BCMSignUpView.xib in Resources */ = {isa = PBXBuildFile; fileRef = FAB116EA1A1092EC00E876BA /* BCMSignUpView.xib */; };
		FAB116EE1A10F7C600E876BA /* BCMMerchantManager.m in Sources */ = {isa = PBXBuildFile; fileRef = FAB116ED1A10F7C600E876BA /* BCMMerchantManager.m */; };
		FAB117021A10F89100E876BA /* _Item.m in Sources */ = {isa = PBXBuildFile; fileRef = FAB116F31A10F89100E876BA /* _Item.m */; };
		FAB117031A10F89100E876BA /* _Merchant.m in Sources */ = {isa = PBXBuildFile; fileRef = FAB116F51A10F89100E876BA /* _Merchant.m */; };
		FAB117041A10F89100E876BA /* _PurchasedItem.m in Sources */ = {isa = PBXBuildFile; fileRef = FAB116F71A10F89100E876BA /* _PurchasedItem.m */; };
		FAB117051A10F89100E876BA /* _Transaction.m in Sources */ = {isa = PBXBuildFile; fileRef = FAB116F91A10F89100E876BA /* _Transaction.m */; };
		FAB117061A10F89100E876BA /* Item.m in Sources */ = {isa = PBXBuildFile; fileRef = FAB116FB1A10F89100E876BA /* Item.m */; };
		FAB117071A10F89100E876BA /* Merchant.m in Sources */ = {isa = PBXBuildFile; fileRef = FAB116FD1A10F89100E876BA /* Merchant.m */; };
		FAB117081A10F89100E876BA /* PurchasedItem.m in Sources */ = {isa = PBXBuildFile; fileRef = FAB116FF1A10F89100E876BA /* PurchasedItem.m */; };
		FAB117091A10F89100E876BA /* Transaction.m in Sources */ = {isa = PBXBuildFile; fileRef = FAB117011A10F89100E876BA /* Transaction.m */; };
		FAB1170B1A10FF8600E876BA /* bitcoin_marker@2x.png in Resources */ = {isa = PBXBuildFile; fileRef = FAB1170A1A10FF8600E876BA /* bitcoin_marker@2x.png */; };
		FAB1170D1A11018800E876BA /* transaction_check@2x.png in Resources */ = {isa = PBXBuildFile; fileRef = FAB1170C1A11018800E876BA /* transaction_check@2x.png */; };
		FAB117101A11021500E876BA /* BCMTransactionTableViewCell.m in Sources */ = {isa = PBXBuildFile; fileRef = FAB1170F1A11021500E876BA /* BCMTransactionTableViewCell.m */; };
		FAB117131A1103F800E876BA /* NSDate+Utilities.m in Sources */ = {isa = PBXBuildFile; fileRef = FAB117121A1103F800E876BA /* NSDate+Utilities.m */; };
		FAB117151A11135200E876BA /* bitcoin_marker_white@2x.png in Resources */ = {isa = PBXBuildFile; fileRef = FAB117141A11135200E876BA /* bitcoin_marker_white@2x.png */; };
		FAB117171A11C3EE00E876BA /* SupportedCurrencies.plist in Resources */ = {isa = PBXBuildFile; fileRef = FAB117161A11C3EE00E876BA /* SupportedCurrencies.plist */; };
		FAB117661A11D77800E876BA /* Icon-60.png in Resources */ = {isa = PBXBuildFile; fileRef = FAB117541A11D77800E876BA /* Icon-60.png */; };
		FAB117671A11D77800E876BA /* Icon-60@2x.png in Resources */ = {isa = PBXBuildFile; fileRef = FAB117551A11D77800E876BA /* Icon-60@2x.png */; };
		FAB117681A11D77800E876BA /* Icon-60@3x.png in Resources */ = {isa = PBXBuildFile; fileRef = FAB117561A11D77800E876BA /* Icon-60@3x.png */; };
		FAB117691A11D77800E876BA /* Icon-72.png in Resources */ = {isa = PBXBuildFile; fileRef = FAB117571A11D77800E876BA /* Icon-72.png */; };
		FAB1176A1A11D77800E876BA /* Icon-72@2x.png in Resources */ = {isa = PBXBuildFile; fileRef = FAB117581A11D77800E876BA /* Icon-72@2x.png */; };
		FAB1176B1A11D77800E876BA /* Icon-76.png in Resources */ = {isa = PBXBuildFile; fileRef = FAB117591A11D77800E876BA /* Icon-76.png */; };
		FAB1176C1A11D77800E876BA /* Icon-76@2x.png in Resources */ = {isa = PBXBuildFile; fileRef = FAB1175A1A11D77800E876BA /* Icon-76@2x.png */; };
		FAB1176D1A11D77800E876BA /* Icon-Small-40.png in Resources */ = {isa = PBXBuildFile; fileRef = FAB1175B1A11D77800E876BA /* Icon-Small-40.png */; };
		FAB1176E1A11D77800E876BA /* Icon-Small-40@2x.png in Resources */ = {isa = PBXBuildFile; fileRef = FAB1175C1A11D77800E876BA /* Icon-Small-40@2x.png */; };
		FAB1176F1A11D77800E876BA /* Icon-Small-40@3x.png in Resources */ = {isa = PBXBuildFile; fileRef = FAB1175D1A11D77800E876BA /* Icon-Small-40@3x.png */; };
		FAB117701A11D77800E876BA /* Icon-Small-50.png in Resources */ = {isa = PBXBuildFile; fileRef = FAB1175E1A11D77800E876BA /* Icon-Small-50.png */; };
		FAB117711A11D77800E876BA /* Icon-Small-50@2x.png in Resources */ = {isa = PBXBuildFile; fileRef = FAB1175F1A11D77800E876BA /* Icon-Small-50@2x.png */; };
		FAB117721A11D77800E876BA /* Icon-Small.png in Resources */ = {isa = PBXBuildFile; fileRef = FAB117601A11D77800E876BA /* Icon-Small.png */; };
		FAB117731A11D77800E876BA /* Icon-Small@2x.png in Resources */ = {isa = PBXBuildFile; fileRef = FAB117611A11D77800E876BA /* Icon-Small@2x.png */; };
		FAB117741A11D77800E876BA /* Icon-Small@3x.png in Resources */ = {isa = PBXBuildFile; fileRef = FAB117621A11D77800E876BA /* Icon-Small@3x.png */; };
		FAB117751A11D77800E876BA /* Icon.png in Resources */ = {isa = PBXBuildFile; fileRef = FAB117631A11D77800E876BA /* Icon.png */; };
		FAB117761A11D77800E876BA /* Icon@2x.png in Resources */ = {isa = PBXBuildFile; fileRef = FAB117641A11D77800E876BA /* Icon@2x.png */; };
		FAB117771A11D77800E876BA /* iTunesArtwork@2x.png in Resources */ = {isa = PBXBuildFile; fileRef = FAB117651A11D77800E876BA /* iTunesArtwork@2x.png */; };
		FAEB496819F9385000B774EC /* BCMBaseViewController.m in Sources */ = {isa = PBXBuildFile; fileRef = FAEB496719F9385000B774EC /* BCMBaseViewController.m */; };
		FAEB496B19F9396800B774EC /* hamburger@2x.png in Resources */ = {isa = PBXBuildFile; fileRef = FAEB496A19F9396800B774EC /* hamburger@2x.png */; };
		FAEB496E19F93B3600B774EC /* BCMPOSViewController.m in Sources */ = {isa = PBXBuildFile; fileRef = FAEB496D19F93B3600B774EC /* BCMPOSViewController.m */; };
		FAEB497319F93CA800B774EC /* UIColor+Utilities.m in Sources */ = {isa = PBXBuildFile; fileRef = FAEB497219F93CA800B774EC /* UIColor+Utilities.m */; };
		FAEB497519F940B800B774EC /* block_chain_header_logo@2x.png in Resources */ = {isa = PBXBuildFile; fileRef = FAEB497419F940B800B774EC /* block_chain_header_logo@2x.png */; };
		FAEB497919F9496000B774EC /* BCMSideNavigationViewController.m in Sources */ = {isa = PBXBuildFile; fileRef = FAEB497819F9496000B774EC /* BCMSideNavigationViewController.m */; };
		FAEB497E19F95E9A00B774EC /* Localizable.strings in Resources */ = {isa = PBXBuildFile; fileRef = FAEB497D19F95E9A00B774EC /* Localizable.strings */; };
		FAEB498319F95F4F00B774EC /* nav_log_out@2x.png in Resources */ = {isa = PBXBuildFile; fileRef = FAEB497F19F95F4F00B774EC /* nav_log_out@2x.png */; };
		FAEB498419F95F4F00B774EC /* nav_news@2x.png in Resources */ = {isa = PBXBuildFile; fileRef = FAEB498019F95F4F00B774EC /* nav_news@2x.png */; };
		FAEB498519F95F4F00B774EC /* nav_settings@2x.png in Resources */ = {isa = PBXBuildFile; fileRef = FAEB498119F95F4F00B774EC /* nav_settings@2x.png */; };
		FAEB498619F95F4F00B774EC /* nav_transactions@2x.png in Resources */ = {isa = PBXBuildFile; fileRef = FAEB498219F95F4F00B774EC /* nav_transactions@2x.png */; };
		FAEB498819F95FA000B774EC /* nav_pos@2x.png in Resources */ = {isa = PBXBuildFile; fileRef = FAEB498719F95FA000B774EC /* nav_pos@2x.png */; };
/* End PBXBuildFile section */

/* Begin PBXContainerItemProxy section */
		FAA418B719F789A000023B25 /* PBXContainerItemProxy */ = {
			isa = PBXContainerItemProxy;
			containerPortal = FAA4189519F789A000023B25 /* Project object */;
			proxyType = 1;
			remoteGlobalIDString = FAA4189C19F789A000023B25;
			remoteInfo = Merchant;
		};
/* End PBXContainerItemProxy section */

/* Begin PBXFileReference section */
		04DA42D0F37DCEB38EA7DB91 /* Pods.debug.xcconfig */ = {isa = PBXFileReference; includeInIndex = 1; lastKnownFileType = text.xcconfig; name = Pods.debug.xcconfig; path = "Pods/Target Support Files/Pods/Pods.debug.xcconfig"; sourceTree = "<group>"; };
		2BD1471CFB71554E6214BDCE /* Pods.release.xcconfig */ = {isa = PBXFileReference; includeInIndex = 1; lastKnownFileType = text.xcconfig; name = Pods.release.xcconfig; path = "Pods/Target Support Files/Pods/Pods.release.xcconfig"; sourceTree = "<group>"; };
		E653431E28EC983287D12D53 /* libPods.a */ = {isa = PBXFileReference; explicitFileType = archive.ar; includeInIndex = 0; path = libPods.a; sourceTree = BUILT_PRODUCTS_DIR; };
		FA0614801A1355C1004F71F4 /* BCMSwitchTableViewCell.h */ = {isa = PBXFileReference; fileEncoding = 4; lastKnownFileType = sourcecode.c.h; path = BCMSwitchTableViewCell.h; sourceTree = "<group>"; };
		FA0614811A1355C1004F71F4 /* BCMSwitchTableViewCell.m */ = {isa = PBXFileReference; fileEncoding = 4; lastKnownFileType = sourcecode.c.objc; path = BCMSwitchTableViewCell.m; sourceTree = "<group>"; };
		FA0614831A135E09004F71F4 /* check@2x.png */ = {isa = PBXFileReference; lastKnownFileType = image.png; name = "check@2x.png"; path = "../../../Assets/check@2x.png"; sourceTree = "<group>"; };
		FA0614BF1A13BF35004F71F4 /* UIImage+Utils.h */ = {isa = PBXFileReference; fileEncoding = 4; lastKnownFileType = sourcecode.c.h; name = "UIImage+Utils.h"; path = "../../../Third-Party/UIImage+Utils.h"; sourceTree = "<group>"; };
		FA0614C01A13BF35004F71F4 /* UIImage+Utils.m */ = {isa = PBXFileReference; fileEncoding = 4; lastKnownFileType = sourcecode.c.objc; name = "UIImage+Utils.m"; path = "../../../Third-Party/UIImage+Utils.m"; sourceTree = "<group>"; };
		FA0614C51A163EEA004F71F4 /* qr_code@2x.png */ = {isa = PBXFileReference; lastKnownFileType = image.png; name = "qr_code@2x.png"; path = "../../../Assets/qr_code@2x.png"; sourceTree = "<group>"; };
		FA0614C71A1B84C9004F71F4 /* BCMQRCodeScannerViewController.h */ = {isa = PBXFileReference; fileEncoding = 4; lastKnownFileType = sourcecode.c.h; path = BCMQRCodeScannerViewController.h; sourceTree = "<group>"; };
		FA0614C81A1B84C9004F71F4 /* BCMQRCodeScannerViewController.m */ = {isa = PBXFileReference; fileEncoding = 4; lastKnownFileType = sourcecode.c.objc; path = BCMQRCodeScannerViewController.m; sourceTree = "<group>"; };
		FA0614CB1A1BADFA004F71F4 /* BCPinEntryView.h */ = {isa = PBXFileReference; fileEncoding = 4; lastKnownFileType = sourcecode.c.h; path = BCPinEntryView.h; sourceTree = "<group>"; };
		FA0614CC1A1BADFA004F71F4 /* BCPinEntryView.m */ = {isa = PBXFileReference; fileEncoding = 4; lastKnownFileType = sourcecode.c.objc; path = BCPinEntryView.m; sourceTree = "<group>"; };
		FA0614D01A1C85B8004F71F4 /* BCPinEntryViewController.h */ = {isa = PBXFileReference; fileEncoding = 4; lastKnownFileType = sourcecode.c.h; path = BCPinEntryViewController.h; sourceTree = "<group>"; };
		FA0614D11A1C85B8004F71F4 /* BCPinEntryViewController.m */ = {isa = PBXFileReference; fileEncoding = 4; lastKnownFileType = sourcecode.c.objc; path = BCPinEntryViewController.m; sourceTree = "<group>"; };
		FA0614D31A1CD1D4004F71F4 /* BCPinNumberKey.h */ = {isa = PBXFileReference; fileEncoding = 4; lastKnownFileType = sourcecode.c.h; path = BCPinNumberKey.h; sourceTree = "<group>"; };
		FA0614D41A1CD1D4004F71F4 /* BCPinNumberKey.m */ = {isa = PBXFileReference; fileEncoding = 4; lastKnownFileType = sourcecode.c.objc; path = BCPinNumberKey.m; sourceTree = "<group>"; };
		FA0614D61A1CD1E5004F71F4 /* BCPinNumberKey.xib */ = {isa = PBXFileReference; fileEncoding = 4; lastKnownFileType = file.xib; path = BCPinNumberKey.xib; sourceTree = "<group>"; };
		FA0614DC1A1CDF1B004F71F4 /* PEPin-off.png */ = {isa = PBXFileReference; lastKnownFileType = image.png; name = "PEPin-off.png"; path = "../../../Assets/PEPin-off.png"; sourceTree = "<group>"; };
		FA0614DD1A1CDF1B004F71F4 /* PEPin-on.png */ = {isa = PBXFileReference; lastKnownFileType = image.png; name = "PEPin-on.png"; path = "../../../Assets/PEPin-on.png"; sourceTree = "<group>"; };
		FA0614E01A1CE287004F71F4 /* pin_delete@2x.png */ = {isa = PBXFileReference; lastKnownFileType = image.png; name = "pin_delete@2x.png"; path = "../../../Assets/pin_delete@2x.png"; sourceTree = "<group>"; };
		FA74B69A1A08C3B70045A4EF /* BCMPaymentReceivedView.h */ = {isa = PBXFileReference; fileEncoding = 4; lastKnownFileType = sourcecode.c.h; path = BCMPaymentReceivedView.h; sourceTree = "<group>"; };
		FA74B69B1A08C3B70045A4EF /* BCMPaymentReceivedView.m */ = {isa = PBXFileReference; fileEncoding = 4; lastKnownFileType = sourcecode.c.objc; path = BCMPaymentReceivedView.m; sourceTree = "<group>"; };
		FA74B69D1A08C3D20045A4EF /* BCMPaymentReceivedView.xib */ = {isa = PBXFileReference; fileEncoding = 4; lastKnownFileType = file.xib; path = BCMPaymentReceivedView.xib; sourceTree = "<group>"; };
		FA74B69F1A08C6CC0045A4EF /* green_check@2x.png */ = {isa = PBXFileReference; lastKnownFileType = image.png; name = "green_check@2x.png"; path = "../../../Assets/green_check@2x.png"; sourceTree = "<group>"; };
		FA74B6A11A0923490045A4EF /* BCMTransactionDetailViewController.h */ = {isa = PBXFileReference; fileEncoding = 4; lastKnownFileType = sourcecode.c.h; path = BCMTransactionDetailViewController.h; sourceTree = "<group>"; };
		FA74B6A21A0923490045A4EF /* BCMTransactionDetailViewController.m */ = {isa = PBXFileReference; fileEncoding = 4; lastKnownFileType = sourcecode.c.objc; path = BCMTransactionDetailViewController.m; sourceTree = "<group>"; };
		FA7D9F7F1A0BACB500B7B5CE /* close_button@2x.png */ = {isa = PBXFileReference; lastKnownFileType = image.png; name = "close_button@2x.png"; path = "../../../Assets/close_button@2x.png"; sourceTree = "<group>"; };
		FA99820A19FA4F20006C7D2F /* BCMTransactionsViewController.h */ = {isa = PBXFileReference; fileEncoding = 4; lastKnownFileType = sourcecode.c.h; path = BCMTransactionsViewController.h; sourceTree = "<group>"; };
		FA99820B19FA4F20006C7D2F /* BCMTransactionsViewController.m */ = {isa = PBXFileReference; fileEncoding = 4; lastKnownFileType = sourcecode.c.objc; path = BCMTransactionsViewController.m; sourceTree = "<group>"; };
		FA99820D19FA4F49006C7D2F /* BCMSettingsViewController.h */ = {isa = PBXFileReference; fileEncoding = 4; lastKnownFileType = sourcecode.c.h; path = BCMSettingsViewController.h; sourceTree = "<group>"; };
		FA99820E19FA4F49006C7D2F /* BCMSettingsViewController.m */ = {isa = PBXFileReference; fileEncoding = 4; lastKnownFileType = sourcecode.c.objc; path = BCMSettingsViewController.m; sourceTree = "<group>"; };
		FA99821019FA4F69006C7D2F /* BCMPriceNewsViewController.h */ = {isa = PBXFileReference; fileEncoding = 4; lastKnownFileType = sourcecode.c.h; path = BCMPriceNewsViewController.h; sourceTree = "<group>"; };
		FA99821119FA4F69006C7D2F /* BCMPriceNewsViewController.m */ = {isa = PBXFileReference; fileEncoding = 4; lastKnownFileType = sourcecode.c.objc; path = BCMPriceNewsViewController.m; sourceTree = "<group>"; };
		FA99821319FAA087006C7D2F /* BCMDrawerViewController.h */ = {isa = PBXFileReference; fileEncoding = 4; lastKnownFileType = sourcecode.c.h; path = BCMDrawerViewController.h; sourceTree = "<group>"; };
		FA99821419FAA087006C7D2F /* BCMDrawerViewController.m */ = {isa = PBXFileReference; fileEncoding = 4; lastKnownFileType = sourcecode.c.objc; path = BCMDrawerViewController.m; sourceTree = "<group>"; };
		FA99821819FE0F15006C7D2F /* Merchant.xcdatamodel */ = {isa = PBXFileReference; lastKnownFileType = wrapper.xcdatamodel; path = Merchant.xcdatamodel; sourceTree = "<group>"; };
		FA99821E19FE8923006C7D2F /* BCMAddItem.xib */ = {isa = PBXFileReference; fileEncoding = 4; lastKnownFileType = file.xib; path = BCMAddItem.xib; sourceTree = "<group>"; };
		FA99822019FE8C67006C7D2F /* BCMTextField.h */ = {isa = PBXFileReference; fileEncoding = 4; lastKnownFileType = sourcecode.c.h; path = BCMTextField.h; sourceTree = "<group>"; };
		FA99822119FE8C67006C7D2F /* BCMTextField.m */ = {isa = PBXFileReference; fileEncoding = 4; lastKnownFileType = sourcecode.c.objc; path = BCMTextField.m; sourceTree = "<group>"; };
		FA99822319FE8D26006C7D2F /* BCMItemSetupViewController.h */ = {isa = PBXFileReference; fileEncoding = 4; lastKnownFileType = sourcecode.c.h; path = BCMItemSetupViewController.h; sourceTree = "<group>"; };
		FA99822419FE8D26006C7D2F /* BCMItemSetupViewController.m */ = {isa = PBXFileReference; fileEncoding = 4; lastKnownFileType = sourcecode.c.objc; path = BCMItemSetupViewController.m; sourceTree = "<group>"; };
		FA99822619FE8D93006C7D2F /* BCMAddItem.h */ = {isa = PBXFileReference; fileEncoding = 4; lastKnownFileType = sourcecode.c.h; path = BCMAddItem.h; sourceTree = "<group>"; };
		FA99822719FE8D93006C7D2F /* BCMAddItem.m */ = {isa = PBXFileReference; fileEncoding = 4; lastKnownFileType = sourcecode.c.objc; path = BCMAddItem.m; sourceTree = "<group>"; };
		FA99822919FE8ECB006C7D2F /* UIView+Utilities.h */ = {isa = PBXFileReference; fileEncoding = 4; lastKnownFileType = sourcecode.c.h; path = "UIView+Utilities.h"; sourceTree = "<group>"; };
		FA99822A19FE8ECB006C7D2F /* UIView+Utilities.m */ = {isa = PBXFileReference; fileEncoding = 4; lastKnownFileType = sourcecode.c.objc; path = "UIView+Utilities.m"; sourceTree = "<group>"; };
		FA99823219FF7843006C7D2F /* BCMCustomAmountView.h */ = {isa = PBXFileReference; fileEncoding = 4; lastKnownFileType = sourcecode.c.h; path = BCMCustomAmountView.h; sourceTree = "<group>"; };
		FA99823319FF7843006C7D2F /* BCMCustomAmountView.m */ = {isa = PBXFileReference; fileEncoding = 4; lastKnownFileType = sourcecode.c.objc; path = BCMCustomAmountView.m; sourceTree = "<group>"; };
		FA99823519FF784F006C7D2F /* BCMCustomAmountView.xib */ = {isa = PBXFileReference; fileEncoding = 4; lastKnownFileType = file.xib; path = BCMCustomAmountView.xib; sourceTree = "<group>"; };
		FA9982371A0209F0006C7D2F /* BCMSearchView.h */ = {isa = PBXFileReference; fileEncoding = 4; lastKnownFileType = sourcecode.c.h; path = BCMSearchView.h; sourceTree = "<group>"; };
		FA9982381A0209F0006C7D2F /* BCMSearchView.m */ = {isa = PBXFileReference; fileEncoding = 4; lastKnownFileType = sourcecode.c.objc; path = BCMSearchView.m; sourceTree = "<group>"; };
		FA99823A1A020A01006C7D2F /* BCMSearchView.xib */ = {isa = PBXFileReference; fileEncoding = 4; lastKnownFileType = file.xib; path = BCMSearchView.xib; sourceTree = "<group>"; };
		FA99823C1A029AED006C7D2F /* Default-568h@2x.png */ = {isa = PBXFileReference; lastKnownFileType = image.png; name = "Default-568h@2x.png"; path = "../../../Assets/Default-568h@2x.png"; sourceTree = "<group>"; };
		FA9982401A03B960006C7D2F /* search_icon@2x.png */ = {isa = PBXFileReference; lastKnownFileType = image.png; name = "search_icon@2x.png"; path = "../../../Assets/search_icon@2x.png"; sourceTree = "<group>"; };
		FA9982421A03C330006C7D2F /* UIViewController+Utilities.h */ = {isa = PBXFileReference; fileEncoding = 4; lastKnownFileType = sourcecode.c.h; path = "UIViewController+Utilities.h"; sourceTree = "<group>"; };
		FA9982431A03C330006C7D2F /* UIViewController+Utilities.m */ = {isa = PBXFileReference; fileEncoding = 4; lastKnownFileType = sourcecode.c.objc; path = "UIViewController+Utilities.m"; sourceTree = "<group>"; };
		FA99825D1A03E849006C7D2F /* BCMQRCodeTransactionView.h */ = {isa = PBXFileReference; fileEncoding = 4; lastKnownFileType = sourcecode.c.h; path = BCMQRCodeTransactionView.h; sourceTree = "<group>"; };
		FA99825E1A03E849006C7D2F /* BCMQRCodeTransactionView.m */ = {isa = PBXFileReference; fileEncoding = 4; lastKnownFileType = sourcecode.c.objc; path = BCMQRCodeTransactionView.m; sourceTree = "<group>"; };
		FA9982601A03E855006C7D2F /* BCMQRCodeTransactionView.xib */ = {isa = PBXFileReference; fileEncoding = 4; lastKnownFileType = file.xib; path = BCMQRCodeTransactionView.xib; sourceTree = "<group>"; };
		FA9982621A03E8FE006C7D2F /* mock_qr_code@2x.png */ = {isa = PBXFileReference; lastKnownFileType = image.png; name = "mock_qr_code@2x.png"; path = "../../../Assets/mock_qr_code@2x.png"; sourceTree = "<group>"; };
		FA9FF3C11A07F2A300D732EC /* BCMTextFieldTableViewCell.h */ = {isa = PBXFileReference; fileEncoding = 4; lastKnownFileType = sourcecode.c.h; path = BCMTextFieldTableViewCell.h; sourceTree = "<group>"; };
		FA9FF3C21A07F2A300D732EC /* BCMTextFieldTableViewCell.m */ = {isa = PBXFileReference; fileEncoding = 4; lastKnownFileType = sourcecode.c.objc; path = BCMTextFieldTableViewCell.m; sourceTree = "<group>"; };
		FA9FF3C41A07F5C600D732EC /* BCMNetworking.h */ = {isa = PBXFileReference; fileEncoding = 4; lastKnownFileType = sourcecode.c.h; path = BCMNetworking.h; sourceTree = "<group>"; };
		FA9FF3C51A07F5C600D732EC /* BCMNetworking.m */ = {isa = PBXFileReference; fileEncoding = 4; lastKnownFileType = sourcecode.c.objc; path = BCMNetworking.m; sourceTree = "<group>"; };
		FAA4189D19F789A000023B25 /* Merchant.app */ = {isa = PBXFileReference; explicitFileType = wrapper.application; includeInIndex = 0; path = Merchant.app; sourceTree = BUILT_PRODUCTS_DIR; };
		FAA418A119F789A000023B25 /* Info.plist */ = {isa = PBXFileReference; lastKnownFileType = text.plist.xml; path = Info.plist; sourceTree = "<group>"; };
		FAA418A219F789A000023B25 /* main.m */ = {isa = PBXFileReference; lastKnownFileType = sourcecode.c.objc; path = main.m; sourceTree = "<group>"; };
		FAA418A419F789A000023B25 /* AppDelegate.h */ = {isa = PBXFileReference; lastKnownFileType = sourcecode.c.h; path = AppDelegate.h; sourceTree = "<group>"; };
		FAA418A519F789A000023B25 /* AppDelegate.m */ = {isa = PBXFileReference; lastKnownFileType = sourcecode.c.objc; path = AppDelegate.m; sourceTree = "<group>"; };
		FAA418AB19F789A000023B25 /* Base */ = {isa = PBXFileReference; lastKnownFileType = file.storyboard; name = Base; path = Base.lproj/Main.storyboard; sourceTree = "<group>"; };
		FAA418AD19F789A000023B25 /* Images.xcassets */ = {isa = PBXFileReference; lastKnownFileType = folder.assetcatalog; path = Images.xcassets; sourceTree = "<group>"; };
		FAA418B019F789A000023B25 /* Base */ = {isa = PBXFileReference; lastKnownFileType = file.xib; name = Base; path = Base.lproj/LaunchScreen.xib; sourceTree = "<group>"; };
		FAA418B619F789A000023B25 /* MerchantTests.xctest */ = {isa = PBXFileReference; explicitFileType = wrapper.cfbundle; includeInIndex = 0; path = MerchantTests.xctest; sourceTree = BUILT_PRODUCTS_DIR; };
		FAA418BB19F789A000023B25 /* Info.plist */ = {isa = PBXFileReference; lastKnownFileType = text.plist.xml; path = Info.plist; sourceTree = "<group>"; };
		FAA418BC19F789A000023B25 /* MerchantTests.m */ = {isa = PBXFileReference; lastKnownFileType = sourcecode.c.objc; path = MerchantTests.m; sourceTree = "<group>"; };
		FAB116DE1A0D30E000E876BA /* BCMWebViewController.h */ = {isa = PBXFileReference; fileEncoding = 4; lastKnownFileType = sourcecode.c.h; path = BCMWebViewController.h; sourceTree = "<group>"; };
		FAB116DF1A0D30E000E876BA /* BCMWebViewController.m */ = {isa = PBXFileReference; fileEncoding = 4; lastKnownFileType = sourcecode.c.objc; path = BCMWebViewController.m; sourceTree = "<group>"; };
		FAB116E11A108EF100E876BA /* Setup.storyboard */ = {isa = PBXFileReference; fileEncoding = 4; lastKnownFileType = file.storyboard; path = Setup.storyboard; sourceTree = "<group>"; };
		FAB116E41A108F4E00E876BA /* BCMSetupViewController.h */ = {isa = PBXFileReference; fileEncoding = 4; lastKnownFileType = sourcecode.c.h; path = BCMSetupViewController.h; sourceTree = "<group>"; };
		FAB116E51A108F4E00E876BA /* BCMSetupViewController.m */ = {isa = PBXFileReference; fileEncoding = 4; lastKnownFileType = sourcecode.c.objc; path = BCMSetupViewController.m; sourceTree = "<group>"; };
		FAB116E71A1091F700E876BA /* BCMSignUpView.h */ = {isa = PBXFileReference; fileEncoding = 4; lastKnownFileType = sourcecode.c.h; path = BCMSignUpView.h; sourceTree = "<group>"; };
		FAB116E81A1091F700E876BA /* BCMSignUpView.m */ = {isa = PBXFileReference; fileEncoding = 4; lastKnownFileType = sourcecode.c.objc; path = BCMSignUpView.m; sourceTree = "<group>"; };
		FAB116EA1A1092EC00E876BA /* BCMSignUpView.xib */ = {isa = PBXFileReference; fileEncoding = 4; lastKnownFileType = file.xib; path = BCMSignUpView.xib; sourceTree = "<group>"; };
		FAB116EC1A10F7C600E876BA /* BCMMerchantManager.h */ = {isa = PBXFileReference; fileEncoding = 4; lastKnownFileType = sourcecode.c.h; path = BCMMerchantManager.h; sourceTree = "<group>"; };
		FAB116ED1A10F7C600E876BA /* BCMMerchantManager.m */ = {isa = PBXFileReference; fileEncoding = 4; lastKnownFileType = sourcecode.c.objc; path = BCMMerchantManager.m; sourceTree = "<group>"; };
		FAB116F21A10F89100E876BA /* _Item.h */ = {isa = PBXFileReference; fileEncoding = 4; lastKnownFileType = sourcecode.c.h; name = _Item.h; path = MogGenModel/_Item.h; sourceTree = "<group>"; };
		FAB116F31A10F89100E876BA /* _Item.m */ = {isa = PBXFileReference; fileEncoding = 4; lastKnownFileType = sourcecode.c.objc; name = _Item.m; path = MogGenModel/_Item.m; sourceTree = "<group>"; };
		FAB116F41A10F89100E876BA /* _Merchant.h */ = {isa = PBXFileReference; fileEncoding = 4; lastKnownFileType = sourcecode.c.h; name = _Merchant.h; path = MogGenModel/_Merchant.h; sourceTree = "<group>"; };
		FAB116F51A10F89100E876BA /* _Merchant.m */ = {isa = PBXFileReference; fileEncoding = 4; lastKnownFileType = sourcecode.c.objc; name = _Merchant.m; path = MogGenModel/_Merchant.m; sourceTree = "<group>"; };
		FAB116F61A10F89100E876BA /* _PurchasedItem.h */ = {isa = PBXFileReference; fileEncoding = 4; lastKnownFileType = sourcecode.c.h; name = _PurchasedItem.h; path = MogGenModel/_PurchasedItem.h; sourceTree = "<group>"; };
		FAB116F71A10F89100E876BA /* _PurchasedItem.m */ = {isa = PBXFileReference; fileEncoding = 4; lastKnownFileType = sourcecode.c.objc; name = _PurchasedItem.m; path = MogGenModel/_PurchasedItem.m; sourceTree = "<group>"; };
		FAB116F81A10F89100E876BA /* _Transaction.h */ = {isa = PBXFileReference; fileEncoding = 4; lastKnownFileType = sourcecode.c.h; name = _Transaction.h; path = MogGenModel/_Transaction.h; sourceTree = "<group>"; };
		FAB116F91A10F89100E876BA /* _Transaction.m */ = {isa = PBXFileReference; fileEncoding = 4; lastKnownFileType = sourcecode.c.objc; name = _Transaction.m; path = MogGenModel/_Transaction.m; sourceTree = "<group>"; };
		FAB116FA1A10F89100E876BA /* Item.h */ = {isa = PBXFileReference; fileEncoding = 4; lastKnownFileType = sourcecode.c.h; name = Item.h; path = MogGenModel/Item.h; sourceTree = "<group>"; };
		FAB116FB1A10F89100E876BA /* Item.m */ = {isa = PBXFileReference; fileEncoding = 4; lastKnownFileType = sourcecode.c.objc; name = Item.m; path = MogGenModel/Item.m; sourceTree = "<group>"; };
		FAB116FC1A10F89100E876BA /* Merchant.h */ = {isa = PBXFileReference; fileEncoding = 4; lastKnownFileType = sourcecode.c.h; name = Merchant.h; path = MogGenModel/Merchant.h; sourceTree = "<group>"; };
		FAB116FD1A10F89100E876BA /* Merchant.m */ = {isa = PBXFileReference; fileEncoding = 4; lastKnownFileType = sourcecode.c.objc; name = Merchant.m; path = MogGenModel/Merchant.m; sourceTree = "<group>"; };
		FAB116FE1A10F89100E876BA /* PurchasedItem.h */ = {isa = PBXFileReference; fileEncoding = 4; lastKnownFileType = sourcecode.c.h; name = PurchasedItem.h; path = MogGenModel/PurchasedItem.h; sourceTree = "<group>"; };
		FAB116FF1A10F89100E876BA /* PurchasedItem.m */ = {isa = PBXFileReference; fileEncoding = 4; lastKnownFileType = sourcecode.c.objc; name = PurchasedItem.m; path = MogGenModel/PurchasedItem.m; sourceTree = "<group>"; };
		FAB117001A10F89100E876BA /* Transaction.h */ = {isa = PBXFileReference; fileEncoding = 4; lastKnownFileType = sourcecode.c.h; name = Transaction.h; path = MogGenModel/Transaction.h; sourceTree = "<group>"; };
		FAB117011A10F89100E876BA /* Transaction.m */ = {isa = PBXFileReference; fileEncoding = 4; lastKnownFileType = sourcecode.c.objc; name = Transaction.m; path = MogGenModel/Transaction.m; sourceTree = "<group>"; };
		FAB1170A1A10FF8600E876BA /* bitcoin_marker@2x.png */ = {isa = PBXFileReference; lastKnownFileType = image.png; name = "bitcoin_marker@2x.png"; path = "../../../Assets/bitcoin_marker@2x.png"; sourceTree = "<group>"; };
		FAB1170C1A11018800E876BA /* transaction_check@2x.png */ = {isa = PBXFileReference; lastKnownFileType = image.png; name = "transaction_check@2x.png"; path = "../../../Assets/transaction_check@2x.png"; sourceTree = "<group>"; };
		FAB1170E1A11021500E876BA /* BCMTransactionTableViewCell.h */ = {isa = PBXFileReference; fileEncoding = 4; lastKnownFileType = sourcecode.c.h; path = BCMTransactionTableViewCell.h; sourceTree = "<group>"; };
		FAB1170F1A11021500E876BA /* BCMTransactionTableViewCell.m */ = {isa = PBXFileReference; fileEncoding = 4; lastKnownFileType = sourcecode.c.objc; path = BCMTransactionTableViewCell.m; sourceTree = "<group>"; };
		FAB117111A1103F800E876BA /* NSDate+Utilities.h */ = {isa = PBXFileReference; fileEncoding = 4; lastKnownFileType = sourcecode.c.h; name = "NSDate+Utilities.h"; path = "../../../Third-Party/NSDate+Utilities.h"; sourceTree = "<group>"; };
		FAB117121A1103F800E876BA /* NSDate+Utilities.m */ = {isa = PBXFileReference; fileEncoding = 4; lastKnownFileType = sourcecode.c.objc; name = "NSDate+Utilities.m"; path = "../../../Third-Party/NSDate+Utilities.m"; sourceTree = "<group>"; };
		FAB117141A11135200E876BA /* bitcoin_marker_white@2x.png */ = {isa = PBXFileReference; lastKnownFileType = image.png; name = "bitcoin_marker_white@2x.png"; path = "../../../Assets/bitcoin_marker_white@2x.png"; sourceTree = "<group>"; };
		FAB117161A11C3EE00E876BA /* SupportedCurrencies.plist */ = {isa = PBXFileReference; fileEncoding = 4; lastKnownFileType = text.plist.xml; path = SupportedCurrencies.plist; sourceTree = "<group>"; };
		FAB117541A11D77800E876BA /* Icon-60.png */ = {isa = PBXFileReference; lastKnownFileType = image.png; path = "Icon-60.png"; sourceTree = "<group>"; };
		FAB117551A11D77800E876BA /* Icon-60@2x.png */ = {isa = PBXFileReference; lastKnownFileType = image.png; path = "Icon-60@2x.png"; sourceTree = "<group>"; };
		FAB117561A11D77800E876BA /* Icon-60@3x.png */ = {isa = PBXFileReference; lastKnownFileType = image.png; path = "Icon-60@3x.png"; sourceTree = "<group>"; };
		FAB117571A11D77800E876BA /* Icon-72.png */ = {isa = PBXFileReference; lastKnownFileType = image.png; path = "Icon-72.png"; sourceTree = "<group>"; };
		FAB117581A11D77800E876BA /* Icon-72@2x.png */ = {isa = PBXFileReference; lastKnownFileType = image.png; path = "Icon-72@2x.png"; sourceTree = "<group>"; };
		FAB117591A11D77800E876BA /* Icon-76.png */ = {isa = PBXFileReference; lastKnownFileType = image.png; path = "Icon-76.png"; sourceTree = "<group>"; };
		FAB1175A1A11D77800E876BA /* Icon-76@2x.png */ = {isa = PBXFileReference; lastKnownFileType = image.png; path = "Icon-76@2x.png"; sourceTree = "<group>"; };
		FAB1175B1A11D77800E876BA /* Icon-Small-40.png */ = {isa = PBXFileReference; lastKnownFileType = image.png; path = "Icon-Small-40.png"; sourceTree = "<group>"; };
		FAB1175C1A11D77800E876BA /* Icon-Small-40@2x.png */ = {isa = PBXFileReference; lastKnownFileType = image.png; path = "Icon-Small-40@2x.png"; sourceTree = "<group>"; };
		FAB1175D1A11D77800E876BA /* Icon-Small-40@3x.png */ = {isa = PBXFileReference; lastKnownFileType = image.png; path = "Icon-Small-40@3x.png"; sourceTree = "<group>"; };
		FAB1175E1A11D77800E876BA /* Icon-Small-50.png */ = {isa = PBXFileReference; lastKnownFileType = image.png; path = "Icon-Small-50.png"; sourceTree = "<group>"; };
		FAB1175F1A11D77800E876BA /* Icon-Small-50@2x.png */ = {isa = PBXFileReference; lastKnownFileType = image.png; path = "Icon-Small-50@2x.png"; sourceTree = "<group>"; };
		FAB117601A11D77800E876BA /* Icon-Small.png */ = {isa = PBXFileReference; lastKnownFileType = image.png; path = "Icon-Small.png"; sourceTree = "<group>"; };
		FAB117611A11D77800E876BA /* Icon-Small@2x.png */ = {isa = PBXFileReference; lastKnownFileType = image.png; path = "Icon-Small@2x.png"; sourceTree = "<group>"; };
		FAB117621A11D77800E876BA /* Icon-Small@3x.png */ = {isa = PBXFileReference; lastKnownFileType = image.png; path = "Icon-Small@3x.png"; sourceTree = "<group>"; };
		FAB117631A11D77800E876BA /* Icon.png */ = {isa = PBXFileReference; lastKnownFileType = image.png; path = Icon.png; sourceTree = "<group>"; };
		FAB117641A11D77800E876BA /* Icon@2x.png */ = {isa = PBXFileReference; lastKnownFileType = image.png; path = "Icon@2x.png"; sourceTree = "<group>"; };
		FAB117651A11D77800E876BA /* iTunesArtwork@2x.png */ = {isa = PBXFileReference; lastKnownFileType = image.png; path = "iTunesArtwork@2x.png"; sourceTree = "<group>"; };
		FAEB496619F9385000B774EC /* BCMBaseViewController.h */ = {isa = PBXFileReference; fileEncoding = 4; lastKnownFileType = sourcecode.c.h; path = BCMBaseViewController.h; sourceTree = "<group>"; };
		FAEB496719F9385000B774EC /* BCMBaseViewController.m */ = {isa = PBXFileReference; fileEncoding = 4; lastKnownFileType = sourcecode.c.objc; path = BCMBaseViewController.m; sourceTree = "<group>"; };
		FAEB496A19F9396800B774EC /* hamburger@2x.png */ = {isa = PBXFileReference; lastKnownFileType = image.png; name = "hamburger@2x.png"; path = "../../../Assets/hamburger@2x.png"; sourceTree = "<group>"; };
		FAEB496C19F93B3600B774EC /* BCMPOSViewController.h */ = {isa = PBXFileReference; fileEncoding = 4; lastKnownFileType = sourcecode.c.h; path = BCMPOSViewController.h; sourceTree = "<group>"; };
		FAEB496D19F93B3600B774EC /* BCMPOSViewController.m */ = {isa = PBXFileReference; fileEncoding = 4; lastKnownFileType = sourcecode.c.objc; path = BCMPOSViewController.m; sourceTree = "<group>"; };
		FAEB497119F93CA800B774EC /* UIColor+Utilities.h */ = {isa = PBXFileReference; fileEncoding = 4; lastKnownFileType = sourcecode.c.h; path = "UIColor+Utilities.h"; sourceTree = "<group>"; };
		FAEB497219F93CA800B774EC /* UIColor+Utilities.m */ = {isa = PBXFileReference; fileEncoding = 4; lastKnownFileType = sourcecode.c.objc; path = "UIColor+Utilities.m"; sourceTree = "<group>"; };
		FAEB497419F940B800B774EC /* block_chain_header_logo@2x.png */ = {isa = PBXFileReference; lastKnownFileType = image.png; name = "block_chain_header_logo@2x.png"; path = "../../../Assets/block_chain_header_logo@2x.png"; sourceTree = "<group>"; };
		FAEB497719F9496000B774EC /* BCMSideNavigationViewController.h */ = {isa = PBXFileReference; fileEncoding = 4; lastKnownFileType = sourcecode.c.h; path = BCMSideNavigationViewController.h; sourceTree = "<group>"; };
		FAEB497819F9496000B774EC /* BCMSideNavigationViewController.m */ = {isa = PBXFileReference; fileEncoding = 4; lastKnownFileType = sourcecode.c.objc; path = BCMSideNavigationViewController.m; sourceTree = "<group>"; };
		FAEB497A19F957CD00B774EC /* BCMConstants.h */ = {isa = PBXFileReference; lastKnownFileType = sourcecode.c.h; path = BCMConstants.h; sourceTree = "<group>"; };
		FAEB497B19F9589F00B774EC /* Merchant.pch */ = {isa = PBXFileReference; lastKnownFileType = sourcecode.c.h; path = Merchant.pch; sourceTree = "<group>"; };
		FAEB497D19F95E9A00B774EC /* Localizable.strings */ = {isa = PBXFileReference; fileEncoding = 4; lastKnownFileType = text.plist.strings; path = Localizable.strings; sourceTree = "<group>"; };
		FAEB497F19F95F4F00B774EC /* nav_log_out@2x.png */ = {isa = PBXFileReference; lastKnownFileType = image.png; name = "nav_log_out@2x.png"; path = "../../../Assets/nav_log_out@2x.png"; sourceTree = "<group>"; };
		FAEB498019F95F4F00B774EC /* nav_news@2x.png */ = {isa = PBXFileReference; lastKnownFileType = image.png; name = "nav_news@2x.png"; path = "../../../Assets/nav_news@2x.png"; sourceTree = "<group>"; };
		FAEB498119F95F4F00B774EC /* nav_settings@2x.png */ = {isa = PBXFileReference; lastKnownFileType = image.png; name = "nav_settings@2x.png"; path = "../../../Assets/nav_settings@2x.png"; sourceTree = "<group>"; };
		FAEB498219F95F4F00B774EC /* nav_transactions@2x.png */ = {isa = PBXFileReference; lastKnownFileType = image.png; name = "nav_transactions@2x.png"; path = "../../../Assets/nav_transactions@2x.png"; sourceTree = "<group>"; };
		FAEB498719F95FA000B774EC /* nav_pos@2x.png */ = {isa = PBXFileReference; lastKnownFileType = image.png; name = "nav_pos@2x.png"; path = "../../../Assets/nav_pos@2x.png"; sourceTree = "<group>"; };
/* End PBXFileReference section */

/* Begin PBXFrameworksBuildPhase section */
		FAA4189A19F789A000023B25 /* Frameworks */ = {
			isa = PBXFrameworksBuildPhase;
			buildActionMask = 2147483647;
			files = (
				FA0614E41A1E307D004F71F4 /* Crashlytics.framework in Frameworks */,
				DB30FC0C0492FD3BCF38E04C /* libPods.a in Frameworks */,
			);
			runOnlyForDeploymentPostprocessing = 0;
		};
		FAA418B319F789A000023B25 /* Frameworks */ = {
			isa = PBXFrameworksBuildPhase;
			buildActionMask = 2147483647;
			files = (
			);
			runOnlyForDeploymentPostprocessing = 0;
		};
/* End PBXFrameworksBuildPhase section */

/* Begin PBXGroup section */
		0FD58BCAA148187EEEA8F983 /* Pods */ = {
			isa = PBXGroup;
			children = (
				04DA42D0F37DCEB38EA7DB91 /* Pods.debug.xcconfig */,
				2BD1471CFB71554E6214BDCE /* Pods.release.xcconfig */,
			);
			name = Pods;
			sourceTree = "<group>";
		};
		8926809DB7CF39BDF91E1B56 /* Frameworks */ = {
			isa = PBXGroup;
			children = (
				FA0614E31A1E307D004F71F4 /* Crashlytics.framework */,
				E653431E28EC983287D12D53 /* libPods.a */,
			);
			name = Frameworks;
			sourceTree = "<group>";
		};
		FA99821619FE0F04006C7D2F /* Model */ = {
			isa = PBXGroup;
			children = (
				FA99821719FE0F15006C7D2F /* Merchant.xcdatamodeld */,
				FAB116F21A10F89100E876BA /* _Item.h */,
				FAB116F31A10F89100E876BA /* _Item.m */,
				FAB116F41A10F89100E876BA /* _Merchant.h */,
				FAB116F51A10F89100E876BA /* _Merchant.m */,
				FAB116F61A10F89100E876BA /* _PurchasedItem.h */,
				FAB116F71A10F89100E876BA /* _PurchasedItem.m */,
				FAB116F81A10F89100E876BA /* _Transaction.h */,
				FAB116F91A10F89100E876BA /* _Transaction.m */,
				FAB116FA1A10F89100E876BA /* Item.h */,
				FAB116FB1A10F89100E876BA /* Item.m */,
				FAB116FC1A10F89100E876BA /* Merchant.h */,
				FAB116FD1A10F89100E876BA /* Merchant.m */,
				FAB116FE1A10F89100E876BA /* PurchasedItem.h */,
				FAB116FF1A10F89100E876BA /* PurchasedItem.m */,
				FAB117001A10F89100E876BA /* Transaction.h */,
				FAB117011A10F89100E876BA /* Transaction.m */,
			);
			name = Model;
			sourceTree = "<group>";
		};
		FA99821D19FE88EF006C7D2F /* Views/Controls */ = {
			isa = PBXGroup;
			children = (
				FA0614D01A1C85B8004F71F4 /* BCPinEntryViewController.h */,
				FA0614D11A1C85B8004F71F4 /* BCPinEntryViewController.m */,
				FA0614CB1A1BADFA004F71F4 /* BCPinEntryView.h */,
				FA0614CC1A1BADFA004F71F4 /* BCPinEntryView.m */,
				FA0614D31A1CD1D4004F71F4 /* BCPinNumberKey.h */,
				FA0614D41A1CD1D4004F71F4 /* BCPinNumberKey.m */,
				FA0614D61A1CD1E5004F71F4 /* BCPinNumberKey.xib */,
				FA9982371A0209F0006C7D2F /* BCMSearchView.h */,
				FA9982381A0209F0006C7D2F /* BCMSearchView.m */,
				FA99823A1A020A01006C7D2F /* BCMSearchView.xib */,
				FA99822019FE8C67006C7D2F /* BCMTextField.h */,
				FA99822119FE8C67006C7D2F /* BCMTextField.m */,
				FA0614801A1355C1004F71F4 /* BCMSwitchTableViewCell.h */,
				FA0614811A1355C1004F71F4 /* BCMSwitchTableViewCell.m */,
				FA99822619FE8D93006C7D2F /* BCMAddItem.h */,
				FA99822719FE8D93006C7D2F /* BCMAddItem.m */,
				FA99821E19FE8923006C7D2F /* BCMAddItem.xib */,
				FA99823219FF7843006C7D2F /* BCMCustomAmountView.h */,
				FA99823319FF7843006C7D2F /* BCMCustomAmountView.m */,
				FA99823519FF784F006C7D2F /* BCMCustomAmountView.xib */,
				FA99825D1A03E849006C7D2F /* BCMQRCodeTransactionView.h */,
				FA99825E1A03E849006C7D2F /* BCMQRCodeTransactionView.m */,
				FA9982601A03E855006C7D2F /* BCMQRCodeTransactionView.xib */,
				FA74B69A1A08C3B70045A4EF /* BCMPaymentReceivedView.h */,
				FA74B69B1A08C3B70045A4EF /* BCMPaymentReceivedView.m */,
				FA74B69D1A08C3D20045A4EF /* BCMPaymentReceivedView.xib */,
				FA9FF3C11A07F2A300D732EC /* BCMTextFieldTableViewCell.h */,
				FA9FF3C21A07F2A300D732EC /* BCMTextFieldTableViewCell.m */,
				FAB1170E1A11021500E876BA /* BCMTransactionTableViewCell.h */,
				FAB1170F1A11021500E876BA /* BCMTransactionTableViewCell.m */,
			);
			name = Views/Controls;
			sourceTree = "<group>";
		};
		FAA4189419F789A000023B25 = {
			isa = PBXGroup;
			children = (
				FAA4189F19F789A000023B25 /* Merchant */,
				FAA418B919F789A000023B25 /* MerchantTests */,
				FAA4189E19F789A000023B25 /* Products */,
				0FD58BCAA148187EEEA8F983 /* Pods */,
				8926809DB7CF39BDF91E1B56 /* Frameworks */,
			);
			sourceTree = "<group>";
		};
		FAA4189E19F789A000023B25 /* Products */ = {
			isa = PBXGroup;
			children = (
				FAA4189D19F789A000023B25 /* Merchant.app */,
				FAA418B619F789A000023B25 /* MerchantTests.xctest */,
			);
			name = Products;
			sourceTree = "<group>";
		};
		FAA4189F19F789A000023B25 /* Merchant */ = {
			isa = PBXGroup;
			children = (
				FAB117181A11D3F600E876BA /* Third-Party */,
				FA9FF3C41A07F5C600D732EC /* BCMNetworking.h */,
				FA9FF3C51A07F5C600D732EC /* BCMNetworking.m */,
				FAB116EC1A10F7C600E876BA /* BCMMerchantManager.h */,
				FAB116ED1A10F7C600E876BA /* BCMMerchantManager.m */,
				FA99821D19FE88EF006C7D2F /* Views/Controls */,
				FA99821619FE0F04006C7D2F /* Model */,
				FAEB497019F93C3E00B774EC /* Utilities */,
				FAEB496F19F93C3500B774EC /* Third-Party */,
				FAEB497619F947C200B774EC /* Primary View Controllers */,
				FAEB497A19F957CD00B774EC /* BCMConstants.h */,
				FAB116E31A108F3A00E876BA /* Setup */,
				FAA418A419F789A000023B25 /* AppDelegate.h */,
				FAA418A519F789A000023B25 /* AppDelegate.m */,
				FAA418AA19F789A000023B25 /* Main.storyboard */,
				FAB116E11A108EF100E876BA /* Setup.storyboard */,
				FAA418AD19F789A000023B25 /* Images.xcassets */,
				FAA418AF19F789A000023B25 /* LaunchScreen.xib */,
				FAA418A019F789A000023B25 /* Supporting Files */,
			);
			path = Merchant;
			sourceTree = "<group>";
		};
		FAA418A019F789A000023B25 /* Supporting Files */ = {
			isa = PBXGroup;
			children = (
				FAEB496919F9396300B774EC /* Assets */,
				FAA418A119F789A000023B25 /* Info.plist */,
				FAEB497B19F9589F00B774EC /* Merchant.pch */,
				FAA418A219F789A000023B25 /* main.m */,
				FAEB497D19F95E9A00B774EC /* Localizable.strings */,
				FAB117161A11C3EE00E876BA /* SupportedCurrencies.plist */,
			);
			name = "Supporting Files";
			sourceTree = "<group>";
		};
		FAA418B919F789A000023B25 /* MerchantTests */ = {
			isa = PBXGroup;
			children = (
				FAA418BC19F789A000023B25 /* MerchantTests.m */,
				FAA418BA19F789A000023B25 /* Supporting Files */,
			);
			path = MerchantTests;
			sourceTree = "<group>";
		};
		FAA418BA19F789A000023B25 /* Supporting Files */ = {
			isa = PBXGroup;
			children = (
				FAA418BB19F789A000023B25 /* Info.plist */,
			);
			name = "Supporting Files";
			sourceTree = "<group>";
		};
		FAB116E31A108F3A00E876BA /* Setup */ = {
			isa = PBXGroup;
			children = (
				FAB116E41A108F4E00E876BA /* BCMSetupViewController.h */,
				FAB116E51A108F4E00E876BA /* BCMSetupViewController.m */,
				FAB116E71A1091F700E876BA /* BCMSignUpView.h */,
				FAB116E81A1091F700E876BA /* BCMSignUpView.m */,
				FAB116EA1A1092EC00E876BA /* BCMSignUpView.xib */,
			);
			name = Setup;
			sourceTree = "<group>";
		};
		FAB117181A11D3F600E876BA /* Third-Party */ = {
			isa = PBXGroup;
			children = (
			);
			name = "Third-Party";
			sourceTree = "<group>";
		};
		FAB117531A11D77800E876BA /* Icons */ = {
			isa = PBXGroup;
			children = (
				FAB117541A11D77800E876BA /* Icon-60.png */,
				FAB117551A11D77800E876BA /* Icon-60@2x.png */,
				FAB117561A11D77800E876BA /* Icon-60@3x.png */,
				FAB117571A11D77800E876BA /* Icon-72.png */,
				FAB117581A11D77800E876BA /* Icon-72@2x.png */,
				FAB117591A11D77800E876BA /* Icon-76.png */,
				FAB1175A1A11D77800E876BA /* Icon-76@2x.png */,
				FAB1175B1A11D77800E876BA /* Icon-Small-40.png */,
				FAB1175C1A11D77800E876BA /* Icon-Small-40@2x.png */,
				FAB1175D1A11D77800E876BA /* Icon-Small-40@3x.png */,
				FAB1175E1A11D77800E876BA /* Icon-Small-50.png */,
				FAB1175F1A11D77800E876BA /* Icon-Small-50@2x.png */,
				FAB117601A11D77800E876BA /* Icon-Small.png */,
				FAB117611A11D77800E876BA /* Icon-Small@2x.png */,
				FAB117621A11D77800E876BA /* Icon-Small@3x.png */,
				FAB117631A11D77800E876BA /* Icon.png */,
				FAB117641A11D77800E876BA /* Icon@2x.png */,
				FAB117651A11D77800E876BA /* iTunesArtwork@2x.png */,
			);
			name = Icons;
			path = ../../../Assets/Icons;
			sourceTree = "<group>";
		};
		FAEB496919F9396300B774EC /* Assets */ = {
			isa = PBXGroup;
			children = (
				FAB117531A11D77800E876BA /* Icons */,
				FA0614E01A1CE287004F71F4 /* pin_delete@2x.png */,
				FAB117141A11135200E876BA /* bitcoin_marker_white@2x.png */,
				FA0614DC1A1CDF1B004F71F4 /* PEPin-off.png */,
				FA0614DD1A1CDF1B004F71F4 /* PEPin-on.png */,
				FAB1170A1A10FF8600E876BA /* bitcoin_marker@2x.png */,
				FA0614831A135E09004F71F4 /* check@2x.png */,
				FA7D9F7F1A0BACB500B7B5CE /* close_button@2x.png */,
				FAB1170C1A11018800E876BA /* transaction_check@2x.png */,
				FA74B69F1A08C6CC0045A4EF /* green_check@2x.png */,
				FA0614C51A163EEA004F71F4 /* qr_code@2x.png */,
				FA9982621A03E8FE006C7D2F /* mock_qr_code@2x.png */,
				FA9982401A03B960006C7D2F /* search_icon@2x.png */,
				FAEB498719F95FA000B774EC /* nav_pos@2x.png */,
				FAEB497F19F95F4F00B774EC /* nav_log_out@2x.png */,
				FAEB498019F95F4F00B774EC /* nav_news@2x.png */,
				FAEB498119F95F4F00B774EC /* nav_settings@2x.png */,
				FAEB498219F95F4F00B774EC /* nav_transactions@2x.png */,
				FAEB497419F940B800B774EC /* block_chain_header_logo@2x.png */,
				FAEB496A19F9396800B774EC /* hamburger@2x.png */,
				FA99823C1A029AED006C7D2F /* Default-568h@2x.png */,
			);
			name = Assets;
			sourceTree = "<group>";
		};
		FAEB496F19F93C3500B774EC /* Third-Party */ = {
			isa = PBXGroup;
			children = (
			);
			name = "Third-Party";
			sourceTree = "<group>";
		};
		FAEB497019F93C3E00B774EC /* Utilities */ = {
			isa = PBXGroup;
			children = (
				FA0614BF1A13BF35004F71F4 /* UIImage+Utils.h */,
				FA0614C01A13BF35004F71F4 /* UIImage+Utils.m */,
				FAB117111A1103F800E876BA /* NSDate+Utilities.h */,
				FAB117121A1103F800E876BA /* NSDate+Utilities.m */,
				FA9982421A03C330006C7D2F /* UIViewController+Utilities.h */,
				FA9982431A03C330006C7D2F /* UIViewController+Utilities.m */,
				FA99822919FE8ECB006C7D2F /* UIView+Utilities.h */,
				FA99822A19FE8ECB006C7D2F /* UIView+Utilities.m */,
				FAEB497119F93CA800B774EC /* UIColor+Utilities.h */,
				FAEB497219F93CA800B774EC /* UIColor+Utilities.m */,
			);
			name = Utilities;
			sourceTree = "<group>";
		};
		FAEB497619F947C200B774EC /* Primary View Controllers */ = {
			isa = PBXGroup;
			children = (
				FA99821319FAA087006C7D2F /* BCMDrawerViewController.h */,
				FA99821419FAA087006C7D2F /* BCMDrawerViewController.m */,
				FAEB496619F9385000B774EC /* BCMBaseViewController.h */,
				FAEB496719F9385000B774EC /* BCMBaseViewController.m */,
				FAEB496C19F93B3600B774EC /* BCMPOSViewController.h */,
				FAEB496D19F93B3600B774EC /* BCMPOSViewController.m */,
				FA74B6A11A0923490045A4EF /* BCMTransactionDetailViewController.h */,
				FA74B6A21A0923490045A4EF /* BCMTransactionDetailViewController.m */,
				FA99820A19FA4F20006C7D2F /* BCMTransactionsViewController.h */,
				FA99820B19FA4F20006C7D2F /* BCMTransactionsViewController.m */,
				FA99820D19FA4F49006C7D2F /* BCMSettingsViewController.h */,
				FA99820E19FA4F49006C7D2F /* BCMSettingsViewController.m */,
				FA99821019FA4F69006C7D2F /* BCMPriceNewsViewController.h */,
				FA99821119FA4F69006C7D2F /* BCMPriceNewsViewController.m */,
				FA99822319FE8D26006C7D2F /* BCMItemSetupViewController.h */,
				FA99822419FE8D26006C7D2F /* BCMItemSetupViewController.m */,
				FAEB497719F9496000B774EC /* BCMSideNavigationViewController.h */,
				FAEB497819F9496000B774EC /* BCMSideNavigationViewController.m */,
				FAB116DE1A0D30E000E876BA /* BCMWebViewController.h */,
				FAB116DF1A0D30E000E876BA /* BCMWebViewController.m */,
				FA0614C71A1B84C9004F71F4 /* BCMQRCodeScannerViewController.h */,
				FA0614C81A1B84C9004F71F4 /* BCMQRCodeScannerViewController.m */,
			);
			name = "Primary View Controllers";
			sourceTree = "<group>";
		};
/* End PBXGroup section */

/* Begin PBXNativeTarget section */
		FAA4189C19F789A000023B25 /* Merchant */ = {
			isa = PBXNativeTarget;
			buildConfigurationList = FAA418C019F789A000023B25 /* Build configuration list for PBXNativeTarget "Merchant" */;
			buildPhases = (
				38E52064572CDF844748DE8C /* Check Pods Manifest.lock */,
				FAA4189919F789A000023B25 /* Sources */,
				FAA4189A19F789A000023B25 /* Frameworks */,
				FAA4189B19F789A000023B25 /* Resources */,
				F54FA44F4398475CE7B28781 /* Copy Pods Resources */,
			);
			buildRules = (
			);
			dependencies = (
			);
			name = Merchant;
			productName = Merchant;
			productReference = FAA4189D19F789A000023B25 /* Merchant.app */;
			productType = "com.apple.product-type.application";
		};
		FAA418B519F789A000023B25 /* MerchantTests */ = {
			isa = PBXNativeTarget;
			buildConfigurationList = FAA418C319F789A000023B25 /* Build configuration list for PBXNativeTarget "MerchantTests" */;
			buildPhases = (
				FAA418B219F789A000023B25 /* Sources */,
				FAA418B319F789A000023B25 /* Frameworks */,
				FAA418B419F789A000023B25 /* Resources */,
			);
			buildRules = (
			);
			dependencies = (
				FAA418B819F789A000023B25 /* PBXTargetDependency */,
			);
			name = MerchantTests;
			productName = MerchantTests;
			productReference = FAA418B619F789A000023B25 /* MerchantTests.xctest */;
			productType = "com.apple.product-type.bundle.unit-test";
		};
/* End PBXNativeTarget section */

/* Begin PBXProject section */
		FAA4189519F789A000023B25 /* Project object */ = {
			isa = PBXProject;
			attributes = {
				LastUpgradeCheck = 0600;
				ORGANIZATIONNAME = com;
				TargetAttributes = {
					FAA4189C19F789A000023B25 = {
						CreatedOnToolsVersion = 6.0;
					};
					FAA418B519F789A000023B25 = {
						CreatedOnToolsVersion = 6.0;
						TestTargetID = FAA4189C19F789A000023B25;
					};
				};
			};
			buildConfigurationList = FAA4189819F789A000023B25 /* Build configuration list for PBXProject "Merchant" */;
			compatibilityVersion = "Xcode 3.2";
			developmentRegion = English;
			hasScannedForEncodings = 0;
			knownRegions = (
				en,
				Base,
			);
			mainGroup = FAA4189419F789A000023B25;
			productRefGroup = FAA4189E19F789A000023B25 /* Products */;
			projectDirPath = "";
			projectRoot = "";
			targets = (
				FAA4189C19F789A000023B25 /* Merchant */,
				FAA418B519F789A000023B25 /* MerchantTests */,
			);
		};
/* End PBXProject section */

/* Begin PBXResourcesBuildPhase section */
		FAA4189B19F789A000023B25 /* Resources */ = {
			isa = PBXResourcesBuildPhase;
			buildActionMask = 2147483647;
			files = (
				FAB117701A11D77800E876BA /* Icon-Small-50.png in Resources */,
				FAEB498819F95FA000B774EC /* nav_pos@2x.png in Resources */,
				FA0614DE1A1CDF1B004F71F4 /* PEPin-off.png in Resources */,
				FA99821F19FE8923006C7D2F /* BCMAddItem.xib in Resources */,
				FAA418AC19F789A000023B25 /* Main.storyboard in Resources */,
				FAB1170B1A10FF8600E876BA /* bitcoin_marker@2x.png in Resources */,
				FAB117721A11D77800E876BA /* Icon-Small.png in Resources */,
				FAB116EB1A1092EC00E876BA /* BCMSignUpView.xib in Resources */,
				FAEB497E19F95E9A00B774EC /* Localizable.strings in Resources */,
				FAB117691A11D77800E876BA /* Icon-72.png in Resources */,
				FA0614E11A1CE287004F71F4 /* pin_delete@2x.png in Resources */,
				FAB117761A11D77800E876BA /* Icon@2x.png in Resources */,
				FA9982611A03E855006C7D2F /* BCMQRCodeTransactionView.xib in Resources */,
				FA0614DF1A1CDF1B004F71F4 /* PEPin-on.png in Resources */,
				FAEB498319F95F4F00B774EC /* nav_log_out@2x.png in Resources */,
				FAB117671A11D77800E876BA /* Icon-60@2x.png in Resources */,
				FAB1176B1A11D77800E876BA /* Icon-76.png in Resources */,
				FAA418B119F789A000023B25 /* LaunchScreen.xib in Resources */,
				FAEB496B19F9396800B774EC /* hamburger@2x.png in Resources */,
				FA9982631A03E8FE006C7D2F /* mock_qr_code@2x.png in Resources */,
				FAB117681A11D77800E876BA /* Icon-60@3x.png in Resources */,
				FA74B6A01A08C6CC0045A4EF /* green_check@2x.png in Resources */,
				FA99823619FF784F006C7D2F /* BCMCustomAmountView.xib in Resources */,
				FA0614C61A163EEA004F71F4 /* qr_code@2x.png in Resources */,
				FA99823D1A029AED006C7D2F /* Default-568h@2x.png in Resources */,
				FAB117731A11D77800E876BA /* Icon-Small@2x.png in Resources */,
				FAB117751A11D77800E876BA /* Icon.png in Resources */,
				FA7D9F801A0BACB500B7B5CE /* close_button@2x.png in Resources */,
				FAB117151A11135200E876BA /* bitcoin_marker_white@2x.png in Resources */,
				FAEB498519F95F4F00B774EC /* nav_settings@2x.png in Resources */,
				FAB1176A1A11D77800E876BA /* Icon-72@2x.png in Resources */,
				FAB116E21A108EF100E876BA /* Setup.storyboard in Resources */,
				FA99823B1A020A01006C7D2F /* BCMSearchView.xib in Resources */,
				FAB1176D1A11D77800E876BA /* Icon-Small-40.png in Resources */,
				FAB1176C1A11D77800E876BA /* Icon-76@2x.png in Resources */,
				FAB117171A11C3EE00E876BA /* SupportedCurrencies.plist in Resources */,
				FAB1176F1A11D77800E876BA /* Icon-Small-40@3x.png in Resources */,
				FAEB498419F95F4F00B774EC /* nav_news@2x.png in Resources */,
				FAB117771A11D77800E876BA /* iTunesArtwork@2x.png in Resources */,
				FAB117741A11D77800E876BA /* Icon-Small@3x.png in Resources */,
				FAB1176E1A11D77800E876BA /* Icon-Small-40@2x.png in Resources */,
				FA74B69E1A08C3D20045A4EF /* BCMPaymentReceivedView.xib in Resources */,
				FAB1170D1A11018800E876BA /* transaction_check@2x.png in Resources */,
				FA0614D71A1CD1E5004F71F4 /* BCPinNumberKey.xib in Resources */,
				FAA418AE19F789A000023B25 /* Images.xcassets in Resources */,
				FA9982411A03B960006C7D2F /* search_icon@2x.png in Resources */,
				FAB117711A11D77800E876BA /* Icon-Small-50@2x.png in Resources */,
				FAEB497519F940B800B774EC /* block_chain_header_logo@2x.png in Resources */,
				FAEB498619F95F4F00B774EC /* nav_transactions@2x.png in Resources */,
				FAB117661A11D77800E876BA /* Icon-60.png in Resources */,
				FA0614841A135E09004F71F4 /* check@2x.png in Resources */,
			);
			runOnlyForDeploymentPostprocessing = 0;
		};
		FAA418B419F789A000023B25 /* Resources */ = {
			isa = PBXResourcesBuildPhase;
			buildActionMask = 2147483647;
			files = (
			);
			runOnlyForDeploymentPostprocessing = 0;
		};
/* End PBXResourcesBuildPhase section */

/* Begin PBXShellScriptBuildPhase section */
		38E52064572CDF844748DE8C /* Check Pods Manifest.lock */ = {
			isa = PBXShellScriptBuildPhase;
			buildActionMask = 2147483647;
			files = (
			);
			inputPaths = (
			);
			name = "Check Pods Manifest.lock";
			outputPaths = (
			);
			runOnlyForDeploymentPostprocessing = 0;
			shellPath = /bin/sh;
			shellScript = "diff \"${PODS_ROOT}/../Podfile.lock\" \"${PODS_ROOT}/Manifest.lock\" > /dev/null\nif [[ $? != 0 ]] ; then\n    cat << EOM\nerror: The sandbox is not in sync with the Podfile.lock. Run 'pod install' or update your CocoaPods installation.\nEOM\n    exit 1\nfi\n";
			showEnvVarsInLog = 0;
		};
		F54FA44F4398475CE7B28781 /* Copy Pods Resources */ = {
			isa = PBXShellScriptBuildPhase;
			buildActionMask = 2147483647;
			files = (
			);
			inputPaths = (
			);
			name = "Copy Pods Resources";
			outputPaths = (
			);
			runOnlyForDeploymentPostprocessing = 0;
			shellPath = /bin/sh;
			shellScript = "\"${SRCROOT}/Pods/Target Support Files/Pods/Pods-resources.sh\"\n";
			showEnvVarsInLog = 0;
		};
/* End PBXShellScriptBuildPhase section */

/* Begin PBXSourcesBuildPhase section */
		FAA4189919F789A000023B25 /* Sources */ = {
			isa = PBXSourcesBuildPhase;
			buildActionMask = 2147483647;
			files = (
				FA0614C91A1B84C9004F71F4 /* BCMQRCodeScannerViewController.m in Sources */,
				FA9FF3C61A07F5C600D732EC /* BCMNetworking.m in Sources */,
				FAB116E61A108F4E00E876BA /* BCMSetupViewController.m in Sources */,
				FA74B69C1A08C3B70045A4EF /* BCMPaymentReceivedView.m in Sources */,
				FA0614C11A13BF35004F71F4 /* UIImage+Utils.m in Sources */,
				FA74B6A31A0923490045A4EF /* BCMTransactionDetailViewController.m in Sources */,
				FA99823419FF7843006C7D2F /* BCMCustomAmountView.m in Sources */,
				FA99820F19FA4F49006C7D2F /* BCMSettingsViewController.m in Sources */,
				FA99822519FE8D26006C7D2F /* BCMItemSetupViewController.m in Sources */,
				FA9FF3C31A07F2A300D732EC /* BCMTextFieldTableViewCell.m in Sources */,
				FA99820C19FA4F20006C7D2F /* BCMTransactionsViewController.m in Sources */,
				FA99821919FE0F16006C7D2F /* Merchant.xcdatamodeld in Sources */,
				FAB117051A10F89100E876BA /* _Transaction.m in Sources */,
				FA0614D51A1CD1D4004F71F4 /* BCPinNumberKey.m in Sources */,
				FA99821519FAA087006C7D2F /* BCMDrawerViewController.m in Sources */,
				FAB116E91A1091F700E876BA /* BCMSignUpView.m in Sources */,
				FA99821219FA4F69006C7D2F /* BCMPriceNewsViewController.m in Sources */,
				FA9982441A03C330006C7D2F /* UIViewController+Utilities.m in Sources */,
				FAEB496E19F93B3600B774EC /* BCMPOSViewController.m in Sources */,
				FAB117061A10F89100E876BA /* Item.m in Sources */,
				FAB116EE1A10F7C600E876BA /* BCMMerchantManager.m in Sources */,
				FA9982391A0209F0006C7D2F /* BCMSearchView.m in Sources */,
				FAA418A619F789A000023B25 /* AppDelegate.m in Sources */,
				FAEB496819F9385000B774EC /* BCMBaseViewController.m in Sources */,
				FA99822819FE8D93006C7D2F /* BCMAddItem.m in Sources */,
				FAB117081A10F89100E876BA /* PurchasedItem.m in Sources */,
				FAB117101A11021500E876BA /* BCMTransactionTableViewCell.m in Sources */,
				FAB117021A10F89100E876BA /* _Item.m in Sources */,
				FA99822219FE8C67006C7D2F /* BCMTextField.m in Sources */,
				FAB117131A1103F800E876BA /* NSDate+Utilities.m in Sources */,
				FA0614CD1A1BADFA004F71F4 /* BCPinEntryView.m in Sources */,
				FA99825F1A03E849006C7D2F /* BCMQRCodeTransactionView.m in Sources */,
				FA0614821A1355C1004F71F4 /* BCMSwitchTableViewCell.m in Sources */,
				FAB117071A10F89100E876BA /* Merchant.m in Sources */,
				FAEB497319F93CA800B774EC /* UIColor+Utilities.m in Sources */,
				FAB117091A10F89100E876BA /* Transaction.m in Sources */,
				FAB116E01A0D30E000E876BA /* BCMWebViewController.m in Sources */,
				FA99822B19FE8ECB006C7D2F /* UIView+Utilities.m in Sources */,
				FAEB497919F9496000B774EC /* BCMSideNavigationViewController.m in Sources */,
				FAA418A319F789A000023B25 /* main.m in Sources */,
				FAB117041A10F89100E876BA /* _PurchasedItem.m in Sources */,
				FAB117031A10F89100E876BA /* _Merchant.m in Sources */,
				FA0614D21A1C85B8004F71F4 /* BCPinEntryViewController.m in Sources */,
			);
			runOnlyForDeploymentPostprocessing = 0;
		};
		FAA418B219F789A000023B25 /* Sources */ = {
			isa = PBXSourcesBuildPhase;
			buildActionMask = 2147483647;
			files = (
				FAA418BD19F789A000023B25 /* MerchantTests.m in Sources */,
			);
			runOnlyForDeploymentPostprocessing = 0;
		};
/* End PBXSourcesBuildPhase section */

/* Begin PBXTargetDependency section */
		FAA418B819F789A000023B25 /* PBXTargetDependency */ = {
			isa = PBXTargetDependency;
			target = FAA4189C19F789A000023B25 /* Merchant */;
			targetProxy = FAA418B719F789A000023B25 /* PBXContainerItemProxy */;
		};
/* End PBXTargetDependency section */

/* Begin PBXVariantGroup section */
		FAA418AA19F789A000023B25 /* Main.storyboard */ = {
			isa = PBXVariantGroup;
			children = (
				FAA418AB19F789A000023B25 /* Base */,
			);
			name = Main.storyboard;
			sourceTree = "<group>";
		};
		FAA418AF19F789A000023B25 /* LaunchScreen.xib */ = {
			isa = PBXVariantGroup;
			children = (
				FAA418B019F789A000023B25 /* Base */,
			);
			name = LaunchScreen.xib;
			sourceTree = "<group>";
		};
/* End PBXVariantGroup section */

/* Begin XCBuildConfiguration section */
		FAA418BE19F789A000023B25 /* Debug */ = {
			isa = XCBuildConfiguration;
			buildSettings = {
				ALWAYS_SEARCH_USER_PATHS = NO;
				CLANG_CXX_LANGUAGE_STANDARD = "gnu++0x";
				CLANG_CXX_LIBRARY = "libc++";
				CLANG_ENABLE_MODULES = YES;
				CLANG_ENABLE_OBJC_ARC = YES;
				CLANG_WARN_BOOL_CONVERSION = YES;
				CLANG_WARN_CONSTANT_CONVERSION = YES;
				CLANG_WARN_DIRECT_OBJC_ISA_USAGE = YES_ERROR;
				CLANG_WARN_EMPTY_BODY = YES;
				CLANG_WARN_ENUM_CONVERSION = YES;
				CLANG_WARN_INT_CONVERSION = YES;
				CLANG_WARN_OBJC_ROOT_CLASS = YES_ERROR;
				CLANG_WARN_UNREACHABLE_CODE = YES;
				CLANG_WARN__DUPLICATE_METHOD_MATCH = YES;
				"CODE_SIGN_IDENTITY[sdk=iphoneos*]" = "iPhone Developer";
				COPY_PHASE_STRIP = NO;
				ENABLE_STRICT_OBJC_MSGSEND = YES;
				GCC_C_LANGUAGE_STANDARD = gnu99;
				GCC_DYNAMIC_NO_PIC = NO;
				GCC_OPTIMIZATION_LEVEL = 0;
				GCC_PREPROCESSOR_DEFINITIONS = (
					"DEBUG=1",
					"$(inherited)",
				);
				GCC_SYMBOLS_PRIVATE_EXTERN = NO;
				GCC_WARN_64_TO_32_BIT_CONVERSION = YES;
				GCC_WARN_ABOUT_RETURN_TYPE = YES_ERROR;
				GCC_WARN_UNDECLARED_SELECTOR = YES;
				GCC_WARN_UNINITIALIZED_AUTOS = YES_AGGRESSIVE;
				GCC_WARN_UNUSED_FUNCTION = YES;
				GCC_WARN_UNUSED_VARIABLE = YES;
				IPHONEOS_DEPLOYMENT_TARGET = 8.0;
				MTL_ENABLE_DEBUG_INFO = YES;
				ONLY_ACTIVE_ARCH = YES;
				SDKROOT = iphoneos;
			};
			name = Debug;
		};
		FAA418BF19F789A000023B25 /* Release */ = {
			isa = XCBuildConfiguration;
			buildSettings = {
				ALWAYS_SEARCH_USER_PATHS = NO;
				CLANG_CXX_LANGUAGE_STANDARD = "gnu++0x";
				CLANG_CXX_LIBRARY = "libc++";
				CLANG_ENABLE_MODULES = YES;
				CLANG_ENABLE_OBJC_ARC = YES;
				CLANG_WARN_BOOL_CONVERSION = YES;
				CLANG_WARN_CONSTANT_CONVERSION = YES;
				CLANG_WARN_DIRECT_OBJC_ISA_USAGE = YES_ERROR;
				CLANG_WARN_EMPTY_BODY = YES;
				CLANG_WARN_ENUM_CONVERSION = YES;
				CLANG_WARN_INT_CONVERSION = YES;
				CLANG_WARN_OBJC_ROOT_CLASS = YES_ERROR;
				CLANG_WARN_UNREACHABLE_CODE = YES;
				CLANG_WARN__DUPLICATE_METHOD_MATCH = YES;
				"CODE_SIGN_IDENTITY[sdk=iphoneos*]" = "iPhone Developer";
				COPY_PHASE_STRIP = YES;
				ENABLE_NS_ASSERTIONS = NO;
				ENABLE_STRICT_OBJC_MSGSEND = YES;
				GCC_C_LANGUAGE_STANDARD = gnu99;
				GCC_WARN_64_TO_32_BIT_CONVERSION = YES;
				GCC_WARN_ABOUT_RETURN_TYPE = YES_ERROR;
				GCC_WARN_UNDECLARED_SELECTOR = YES;
				GCC_WARN_UNINITIALIZED_AUTOS = YES_AGGRESSIVE;
				GCC_WARN_UNUSED_FUNCTION = YES;
				GCC_WARN_UNUSED_VARIABLE = YES;
				IPHONEOS_DEPLOYMENT_TARGET = 8.0;
				MTL_ENABLE_DEBUG_INFO = NO;
				SDKROOT = iphoneos;
				VALIDATE_PRODUCT = YES;
			};
			name = Release;
		};
		FAA418C119F789A000023B25 /* Debug */ = {
			isa = XCBuildConfiguration;
			baseConfigurationReference = 04DA42D0F37DCEB38EA7DB91 /* Pods.debug.xcconfig */;
			buildSettings = {
				ASSETCATALOG_COMPILER_APPICON_NAME = AppIcon;
				CODE_SIGN_IDENTITY = "iPhone Developer";
				GCC_PREFIX_HEADER = Merchant/Merchant.pch;
				INFOPLIST_FILE = Merchant/Info.plist;
				IPHONEOS_DEPLOYMENT_TARGET = 7.0;
				LD_RUNPATH_SEARCH_PATHS = "$(inherited) @executable_path/Frameworks";
				PRODUCT_NAME = "$(TARGET_NAME)";
				PROVISIONING_PROFILE = "";
			};
			name = Debug;
		};
		FAA418C219F789A000023B25 /* Release */ = {
			isa = XCBuildConfiguration;
			baseConfigurationReference = 2BD1471CFB71554E6214BDCE /* Pods.release.xcconfig */;
			buildSettings = {
				ASSETCATALOG_COMPILER_APPICON_NAME = AppIcon;
				CODE_SIGN_IDENTITY = "iPhone Distribution";
				GCC_PREFIX_HEADER = Merchant/Merchant.pch;
				INFOPLIST_FILE = Merchant/Info.plist;
				IPHONEOS_DEPLOYMENT_TARGET = 7.0;
				LD_RUNPATH_SEARCH_PATHS = "$(inherited) @executable_path/Frameworks";
				PRODUCT_NAME = "$(TARGET_NAME)";
				PROVISIONING_PROFILE = "";
			};
			name = Release;
		};
		FAA418C419F789A000023B25 /* Debug */ = {
			isa = XCBuildConfiguration;
			buildSettings = {
				BUNDLE_LOADER = "$(TEST_HOST)";
				FRAMEWORK_SEARCH_PATHS = (
					"$(SDKROOT)/Developer/Library/Frameworks",
					"$(inherited)",
				);
				GCC_PREPROCESSOR_DEFINITIONS = (
					"DEBUG=1",
					"$(inherited)",
				);
				INFOPLIST_FILE = MerchantTests/Info.plist;
				LD_RUNPATH_SEARCH_PATHS = "$(inherited) @executable_path/Frameworks @loader_path/Frameworks";
				PRODUCT_NAME = "$(TARGET_NAME)";
				TEST_HOST = "$(BUILT_PRODUCTS_DIR)/Merchant.app/Merchant";
			};
			name = Debug;
		};
		FAA418C519F789A000023B25 /* Release */ = {
			isa = XCBuildConfiguration;
			buildSettings = {
				BUNDLE_LOADER = "$(TEST_HOST)";
				FRAMEWORK_SEARCH_PATHS = (
					"$(SDKROOT)/Developer/Library/Frameworks",
					"$(inherited)",
				);
				INFOPLIST_FILE = MerchantTests/Info.plist;
				LD_RUNPATH_SEARCH_PATHS = "$(inherited) @executable_path/Frameworks @loader_path/Frameworks";
				PRODUCT_NAME = "$(TARGET_NAME)";
				TEST_HOST = "$(BUILT_PRODUCTS_DIR)/Merchant.app/Merchant";
			};
			name = Release;
		};
/* End XCBuildConfiguration section */

/* Begin XCConfigurationList section */
		FAA4189819F789A000023B25 /* Build configuration list for PBXProject "Merchant" */ = {
			isa = XCConfigurationList;
			buildConfigurations = (
				FAA418BE19F789A000023B25 /* Debug */,
				FAA418BF19F789A000023B25 /* Release */,
			);
			defaultConfigurationIsVisible = 0;
			defaultConfigurationName = Release;
		};
		FAA418C019F789A000023B25 /* Build configuration list for PBXNativeTarget "Merchant" */ = {
			isa = XCConfigurationList;
			buildConfigurations = (
				FAA418C119F789A000023B25 /* Debug */,
				FAA418C219F789A000023B25 /* Release */,
			);
			defaultConfigurationIsVisible = 0;
			defaultConfigurationName = Release;
		};
		FAA418C319F789A000023B25 /* Build configuration list for PBXNativeTarget "MerchantTests" */ = {
			isa = XCConfigurationList;
			buildConfigurations = (
				FAA418C419F789A000023B25 /* Debug */,
				FAA418C519F789A000023B25 /* Release */,
			);
			defaultConfigurationIsVisible = 0;
			defaultConfigurationName = Release;
		};
/* End XCConfigurationList section */

/* Begin XCVersionGroup section */
		FA99821719FE0F15006C7D2F /* Merchant.xcdatamodeld */ = {
			isa = XCVersionGroup;
			children = (
				FA99821819FE0F15006C7D2F /* Merchant.xcdatamodel */,
			);
			currentVersion = FA99821819FE0F15006C7D2F /* Merchant.xcdatamodel */;
			path = Merchant.xcdatamodeld;
			sourceTree = "<group>";
			versionGroupType = wrapper.xcdatamodel;
		};
/* End XCVersionGroup section */
	};
	rootObject = FAA4189519F789A000023B25 /* Project object */;
}
